
Microsoft Visual Studio Solution File, Format Version 12.00
Project("{FAE04EC0-301F-11D3-BF4B-00C04F79EFBC}") = "ActionFilterValidator", "ActionFilterValidator.csproj", "{CAAF11D7-CBAB-4BEE-B83B-7C9725B8A4DD}"
EndProject
Global
	GlobalSection(SolutionConfigurationPlatforms) = preSolution
		Debug|Any CPU = Debug|Any CPU
		Release|Any CPU = Release|Any CPU
	EndGlobalSection
	GlobalSection(ProjectConfigurationPlatforms) = postSolution
		{CAAF11D7-CBAB-4BEE-B83B-7C9725B8A4DD}.Debug|Any CPU.ActiveCfg = Debug|Any CPU
		{CAAF11D7-CBAB-4BEE-B83B-7C9725B8A4DD}.Debug|Any CPU.Build.0 = Debug|Any CPU
		{CAAF11D7-CBAB-4BEE-B83B-7C9725B8A4DD}.Release|Any CPU.ActiveCfg = Release|Any CPU
		{CAAF11D7-CBAB-4BEE-B83B-7C9725B8A4DD}.Release|Any CPU.Build.0 = Release|Any CPU
	EndGlobalSection
EndGlobal
